
Microsoft Visual Studio Solution File, Format Version 12.00
# Visual Studio Version 16
VisualStudioVersion = 16.0.29728.190
MinimumVisualStudioVersion = 10.0.40219.1
Project("{00D1A9C2-B5F0-4AF3-8072-F6C62B433612}") = "epatvmenu.database", "epatvmenu\epatvmenu.database.sqlproj", "{7B087BCA-D718-43C5-9E91-93C0B03C6768}"
EndProject
Project("{9A19103F-16F7-4668-BE54-9A1E7A4F7556}") = "epatvmenu.utilizador", "epatvmenu.utilizador\epatvmenu.utilizador.csproj", "{C864F74C-750F-4575-B843-42AEA99AC7B6}"
EndProject
Project("{9A19103F-16F7-4668-BE54-9A1E7A4F7556}") = "epatvmenu.ementa", "epatvmenu.ementa\epatvmenu.ementa.csproj", "{4246C4AA-4C54-4F28-A863-B56E673CDB7B}"
EndProject
Project("{9A19103F-16F7-4668-BE54-9A1E7A4F7556}") = "epatvmenu.prato", "epatvmenu.prato\epatvmenu.prato.csproj", "{280A7804-FE88-4E9E-B5A3-B15827BC1F7D}"
EndProject
Project("{FAE04EC0-301F-11D3-BF4B-00C04F79EFBC}") = "EPATVMenu.entities", "ClassLibrary1\EPATVMenu.entities.csproj", "{5822B440-28E9-4F9E-985C-86E2C73F9B6A}"
EndProject
Global
	GlobalSection(SolutionConfigurationPlatforms) = preSolution
		Debug|Any CPU = Debug|Any CPU
		Debug|ARM = Debug|ARM
		Debug|ARM64 = Debug|ARM64
		Debug|x64 = Debug|x64
		Debug|x86 = Debug|x86
		Release|Any CPU = Release|Any CPU
		Release|ARM = Release|ARM
		Release|ARM64 = Release|ARM64
		Release|x64 = Release|x64
		Release|x86 = Release|x86
	EndGlobalSection
	GlobalSection(ProjectConfigurationPlatforms) = postSolution
		{7B087BCA-D718-43C5-9E91-93C0B03C6768}.Debug|Any CPU.ActiveCfg = Debug|Any CPU
		{7B087BCA-D718-43C5-9E91-93C0B03C6768}.Debug|Any CPU.Build.0 = Debug|Any CPU
		{7B087BCA-D718-43C5-9E91-93C0B03C6768}.Debug|Any CPU.Deploy.0 = Debug|Any CPU
		{7B087BCA-D718-43C5-9E91-93C0B03C6768}.Debug|ARM.ActiveCfg = Debug|Any CPU
		{7B087BCA-D718-43C5-9E91-93C0B03C6768}.Debug|ARM64.ActiveCfg = Debug|Any CPU
		{7B087BCA-D718-43C5-9E91-93C0B03C6768}.Debug|x64.ActiveCfg = Debug|Any CPU
		{7B087BCA-D718-43C5-9E91-93C0B03C6768}.Debug|x86.ActiveCfg = Debug|Any CPU
		{7B087BCA-D718-43C5-9E91-93C0B03C6768}.Release|Any CPU.ActiveCfg = Release|Any CPU
		{7B087BCA-D718-43C5-9E91-93C0B03C6768}.Release|Any CPU.Build.0 = Release|Any CPU
		{7B087BCA-D718-43C5-9E91-93C0B03C6768}.Release|Any CPU.Deploy.0 = Release|Any CPU
		{7B087BCA-D718-43C5-9E91-93C0B03C6768}.Release|ARM.ActiveCfg = Release|Any CPU
		{7B087BCA-D718-43C5-9E91-93C0B03C6768}.Release|ARM64.ActiveCfg = Release|Any CPU
		{7B087BCA-D718-43C5-9E91-93C0B03C6768}.Release|x64.ActiveCfg = Release|Any CPU
		{7B087BCA-D718-43C5-9E91-93C0B03C6768}.Release|x86.ActiveCfg = Release|Any CPU
		{C864F74C-750F-4575-B843-42AEA99AC7B6}.Debug|Any CPU.ActiveCfg = Debug|Any CPU
		{C864F74C-750F-4575-B843-42AEA99AC7B6}.Debug|Any CPU.Build.0 = Debug|Any CPU
		{C864F74C-750F-4575-B843-42AEA99AC7B6}.Debug|ARM.ActiveCfg = Debug|Any CPU
		{C864F74C-750F-4575-B843-42AEA99AC7B6}.Debug|ARM.Build.0 = Debug|Any CPU
		{C864F74C-750F-4575-B843-42AEA99AC7B6}.Debug|ARM64.ActiveCfg = Debug|Any CPU
		{C864F74C-750F-4575-B843-42AEA99AC7B6}.Debug|ARM64.Build.0 = Debug|Any CPU
		{C864F74C-750F-4575-B843-42AEA99AC7B6}.Debug|x64.ActiveCfg = Debug|Any CPU
		{C864F74C-750F-4575-B843-42AEA99AC7B6}.Debug|x64.Build.0 = Debug|Any CPU
		{C864F74C-750F-4575-B843-42AEA99AC7B6}.Debug|x86.ActiveCfg = Debug|Any CPU
		{C864F74C-750F-4575-B843-42AEA99AC7B6}.Debug|x86.Build.0 = Debug|Any CPU
		{C864F74C-750F-4575-B843-42AEA99AC7B6}.Release|Any CPU.ActiveCfg = Release|Any CPU
		{C864F74C-750F-4575-B843-42AEA99AC7B6}.Release|Any CPU.Build.0 = Release|Any CPU
		{C864F74C-750F-4575-B843-42AEA99AC7B6}.Release|ARM.ActiveCfg = Release|Any CPU
		{C864F74C-750F-4575-B843-42AEA99AC7B6}.Release|ARM.Build.0 = Release|Any CPU
		{C864F74C-750F-4575-B843-42AEA99AC7B6}.Release|ARM64.ActiveCfg = Release|Any CPU
		{C864F74C-750F-4575-B843-42AEA99AC7B6}.Release|ARM64.Build.0 = Release|Any CPU
		{C864F74C-750F-4575-B843-42AEA99AC7B6}.Release|x64.ActiveCfg = Release|Any CPU
		{C864F74C-750F-4575-B843-42AEA99AC7B6}.Release|x64.Build.0 = Release|Any CPU
		{C864F74C-750F-4575-B843-42AEA99AC7B6}.Release|x86.ActiveCfg = Release|Any CPU
		{C864F74C-750F-4575-B843-42AEA99AC7B6}.Release|x86.Build.0 = Release|Any CPU
		{4246C4AA-4C54-4F28-A863-B56E673CDB7B}.Debug|Any CPU.ActiveCfg = Debug|Any CPU
		{4246C4AA-4C54-4F28-A863-B56E673CDB7B}.Debug|Any CPU.Build.0 = Debug|Any CPU
		{4246C4AA-4C54-4F28-A863-B56E673CDB7B}.Debug|ARM.ActiveCfg = Debug|Any CPU
		{4246C4AA-4C54-4F28-A863-B56E673CDB7B}.Debug|ARM.Build.0 = Debug|Any CPU
		{4246C4AA-4C54-4F28-A863-B56E673CDB7B}.Debug|ARM64.ActiveCfg = Debug|Any CPU
		{4246C4AA-4C54-4F28-A863-B56E673CDB7B}.Debug|ARM64.Build.0 = Debug|Any CPU
		{4246C4AA-4C54-4F28-A863-B56E673CDB7B}.Debug|x64.ActiveCfg = Debug|Any CPU
		{4246C4AA-4C54-4F28-A863-B56E673CDB7B}.Debug|x64.Build.0 = Debug|Any CPU
		{4246C4AA-4C54-4F28-A863-B56E673CDB7B}.Debug|x86.ActiveCfg = Debug|Any CPU
		{4246C4AA-4C54-4F28-A863-B56E673CDB7B}.Debug|x86.Build.0 = Debug|Any CPU
		{4246C4AA-4C54-4F28-A863-B56E673CDB7B}.Release|Any CPU.ActiveCfg = Release|Any CPU
		{4246C4AA-4C54-4F28-A863-B56E673CDB7B}.Release|Any CPU.Build.0 = Release|Any CPU
		{4246C4AA-4C54-4F28-A863-B56E673CDB7B}.Release|ARM.ActiveCfg = Release|Any CPU
		{4246C4AA-4C54-4F28-A863-B56E673CDB7B}.Release|ARM.Build.0 = Release|Any CPU
		{4246C4AA-4C54-4F28-A863-B56E673CDB7B}.Release|ARM64.ActiveCfg = Release|Any CPU
		{4246C4AA-4C54-4F28-A863-B56E673CDB7B}.Release|ARM64.Build.0 = Release|Any CPU
		{4246C4AA-4C54-4F28-A863-B56E673CDB7B}.Release|x64.ActiveCfg = Release|Any CPU
		{4246C4AA-4C54-4F28-A863-B56E673CDB7B}.Release|x64.Build.0 = Release|Any CPU
		{4246C4AA-4C54-4F28-A863-B56E673CDB7B}.Release|x86.ActiveCfg = Release|Any CPU
		{4246C4AA-4C54-4F28-A863-B56E673CDB7B}.Release|x86.Build.0 = Release|Any CPU
		{280A7804-FE88-4E9E-B5A3-B15827BC1F7D}.Debug|Any CPU.ActiveCfg = Debug|Any CPU
		{280A7804-FE88-4E9E-B5A3-B15827BC1F7D}.Debug|Any CPU.Build.0 = Debug|Any CPU
		{280A7804-FE88-4E9E-B5A3-B15827BC1F7D}.Debug|ARM.ActiveCfg = Debug|Any CPU
		{280A7804-FE88-4E9E-B5A3-B15827BC1F7D}.Debug|ARM.Build.0 = Debug|Any CPU
		{280A7804-FE88-4E9E-B5A3-B15827BC1F7D}.Debug|ARM64.ActiveCfg = Debug|Any CPU
		{280A7804-FE88-4E9E-B5A3-B15827BC1F7D}.Debug|ARM64.Build.0 = Debug|Any CPU
		{280A7804-FE88-4E9E-B5A3-B15827BC1F7D}.Debug|x64.ActiveCfg = Debug|Any CPU
		{280A7804-FE88-4E9E-B5A3-B15827BC1F7D}.Debug|x64.Build.0 = Debug|Any CPU
		{280A7804-FE88-4E9E-B5A3-B15827BC1F7D}.Debug|x86.ActiveCfg = Debug|Any CPU
		{280A7804-FE88-4E9E-B5A3-B15827BC1F7D}.Debug|x86.Build.0 = Debug|Any CPU
		{280A7804-FE88-4E9E-B5A3-B15827BC1F7D}.Release|Any CPU.ActiveCfg = Release|Any CPU
		{280A7804-FE88-4E9E-B5A3-B15827BC1F7D}.Release|Any CPU.Build.0 = Release|Any CPU
		{280A7804-FE88-4E9E-B5A3-B15827BC1F7D}.Release|ARM.ActiveCfg = Release|Any CPU
		{280A7804-FE88-4E9E-B5A3-B15827BC1F7D}.Release|ARM.Build.0 = Release|Any CPU
		{280A7804-FE88-4E9E-B5A3-B15827BC1F7D}.Release|ARM64.ActiveCfg = Release|Any CPU
		{280A7804-FE88-4E9E-B5A3-B15827BC1F7D}.Release|ARM64.Build.0 = Release|Any CPU
		{280A7804-FE88-4E9E-B5A3-B15827BC1F7D}.Release|x64.ActiveCfg = Release|Any CPU
		{280A7804-FE88-4E9E-B5A3-B15827BC1F7D}.Release|x64.Build.0 = Release|Any CPU
		{280A7804-FE88-4E9E-B5A3-B15827BC1F7D}.Release|x86.ActiveCfg = Release|Any CPU
		{280A7804-FE88-4E9E-B5A3-B15827BC1F7D}.Release|x86.Build.0 = Release|Any CPU
		{5822B440-28E9-4F9E-985C-86E2C73F9B6A}.Debug|Any CPU.ActiveCfg = Debug|Any CPU
		{5822B440-28E9-4F9E-985C-86E2C73F9B6A}.Debug|Any CPU.Build.0 = Debug|Any CPU
		{5822B440-28E9-4F9E-985C-86E2C73F9B6A}.Debug|ARM.ActiveCfg = Debug|Any CPU
		{5822B440-28E9-4F9E-985C-86E2C73F9B6A}.Debug|ARM.Build.0 = Debug|Any CPU
		{5822B440-28E9-4F9E-985C-86E2C73F9B6A}.Debug|ARM64.ActiveCfg = Debug|Any CPU
		{5822B440-28E9-4F9E-985C-86E2C73F9B6A}.Debug|ARM64.Build.0 = Debug|Any CPU
		{5822B440-28E9-4F9E-985C-86E2C73F9B6A}.Debug|x64.ActiveCfg = Debug|Any CPU
		{5822B440-28E9-4F9E-985C-86E2C73F9B6A}.Debug|x64.Build.0 = Debug|Any CPU
		{5822B440-28E9-4F9E-985C-86E2C73F9B6A}.Debug|x86.ActiveCfg = Debug|Any CPU
		{5822B440-28E9-4F9E-985C-86E2C73F9B6A}.Debug|x86.Build.0 = Debug|Any CPU
		{5822B440-28E9-4F9E-985C-86E2C73F9B6A}.Release|Any CPU.ActiveCfg = Release|Any CPU
		{5822B440-28E9-4F9E-985C-86E2C73F9B6A}.Release|Any CPU.Build.0 = Release|Any CPU
		{5822B440-28E9-4F9E-985C-86E2C73F9B6A}.Release|ARM.ActiveCfg = Release|Any CPU
		{5822B440-28E9-4F9E-985C-86E2C73F9B6A}.Release|ARM.Build.0 = Release|Any CPU
		{5822B440-28E9-4F9E-985C-86E2C73F9B6A}.Release|ARM64.ActiveCfg = Release|Any CPU
		{5822B440-28E9-4F9E-985C-86E2C73F9B6A}.Release|ARM64.Build.0 = Release|Any CPU
		{5822B440-28E9-4F9E-985C-86E2C73F9B6A}.Release|x64.ActiveCfg = Release|Any CPU
		{5822B440-28E9-4F9E-985C-86E2C73F9B6A}.Release|x64.Build.0 = Release|Any CPU
		{5822B440-28E9-4F9E-985C-86E2C73F9B6A}.Release|x86.ActiveCfg = Release|Any CPU
		{5822B440-28E9-4F9E-985C-86E2C73F9B6A}.Release|x86.Build.0 = Release|Any CPU
	EndGlobalSection
	GlobalSection(SolutionProperties) = preSolution
		HideSolutionNode = FALSE
	EndGlobalSection
	GlobalSection(ExtensibilityGlobals) = postSolution
		SolutionGuid = {95CA20D2-D7A1-4106-B7F9-B0E89A7C6CC3}
	EndGlobalSection
EndGlobal
